Microsoft Visual Studio Solution File, Format Version 12.00
# Visual Studio Version 17
VisualStudioVersion = 17.12.35707.178
MinimumVisualStudioVersion = 10.0.40219.1
Project("{FAE04EC0-301F-11D3-BF4B-00C04F79EFBC}") = "RevitWebView2Bug", "RevitWebView2Bug\RevitWebView2Bug.csproj", "{D29AED52-2E64-4EFA-8C45-521E99624FBE}"
EndProject
Project("{FAE04EC0-301F-11D3-BF4B-00C04F79EFBC}") = "Auth0WPF.Core", "Auth0WPF.Core\Auth0WPF.Core.csproj", "{ACE35810-D29F-40CA-8087-B624C9284C58}"
EndProject
Project("{FAE04EC0-301F-11D3-BF4B-00C04F79EFBC}") = "Auth0WPF", "Auth0WPF\Auth0WPF.csproj", "{6B413655-A2B9-4B81-A1CE-524D9F221B67}"
EndProject
Global
	GlobalSection(SolutionConfigurationPlatforms) = preSolution
		Debug|Any CPU = Debug|Any CPU
		Release|Any CPU = Release|Any CPU
	EndGlobalSection
	GlobalSection(ProjectConfigurationPlatforms) = postSolution
		{D29AED52-2E64-4EFA-8C45-521E99624FBE}.Debug|Any CPU.ActiveCfg = Debug|Any CPU
		{D29AED52-2E64-4EFA-8C45-521E99624FBE}.Debug|Any CPU.Build.0 = Debug|Any CPU
		{D29AED52-2E64-4EFA-8C45-521E99624FBE}.Release|Any CPU.ActiveCfg = Release|Any CPU
		{D29AED52-2E64-4EFA-8C45-521E99624FBE}.Release|Any CPU.Build.0 = Release|Any CPU
		{ACE35810-D29F-40CA-8087-B624C9284C58}.Debug|Any CPU.ActiveCfg = Debug|Any CPU
		{ACE35810-D29F-40CA-8087-B624C9284C58}.Debug|Any CPU.Build.0 = Debug|Any CPU
		{ACE35810-D29F-40CA-8087-B624C9284C58}.Release|Any CPU.ActiveCfg = Release|Any CPU
		{ACE35810-D29F-40CA-8087-B624C9284C58}.Release|Any CPU.Build.0 = Release|Any CPU
		{6B413655-A2B9-4B81-A1CE-524D9F221B67}.Debug|Any CPU.ActiveCfg = Debug|Any CPU
		{6B413655-A2B9-4B81-A1CE-524D9F221B67}.Debug|Any CPU.Build.0 = Debug|Any CPU
		{6B413655-A2B9-4B81-A1CE-524D9F221B67}.Release|Any CPU.ActiveCfg = Release|Any CPU
		{6B413655-A2B9-4B81-A1CE-524D9F221B67}.Release|Any CPU.Build.0 = Release|Any CPU
	EndGlobalSection
	GlobalSection(SolutionProperties) = preSolution
		HideSolutionNode = FALSE
	EndGlobalSection
EndGlobal
